{
  "pins" : [
    {
      "identity" : "swiftserialport",
      "kind" : "remoteSourceControl",
      "location" : "https://github.com/carlynorama/swiftserialport.git",
      "state" : {
        "branch" : "dev",
        "revision" : "47cc49794321f566cf1dc54b1751d7883cde0baa"
      }
    }
  ],
  "version" : 2
}
