{
  "pins" : [
    {
      "identity" : "swiftserialport",
      "kind" : "remoteSourceControl",
      "location" : "https://github.com/carlynorama/swiftserialport.git",
      "state" : {
        "branch" : "main",
        "revision" : "727fbcbd9481098271d4ae60187bed16c206fbb7"
      }
    }
  ],
  "version" : 2
}
